
Microsoft Visual Studio Solution File, Format Version 12.00
Project("{FAE04EC0-301F-11D3-BF4B-00C04F79EFBC}") = "TruvoID", "TruvoID.csproj", "{892AB6A3-F342-4A8C-A8E8-C528E7E0FF4A}"
EndProject
Global
	GlobalSection(SolutionConfigurationPlatforms) = preSolution
		Debug|Any CPU = Debug|Any CPU
		Release|Any CPU = Release|Any CPU
	EndGlobalSection
	GlobalSection(ProjectConfigurationPlatforms) = postSolution
		{892AB6A3-F342-4A8C-A8E8-C528E7E0FF4A}.Debug|Any CPU.ActiveCfg = Debug|Any CPU
		{892AB6A3-F342-4A8C-A8E8-C528E7E0FF4A}.Debug|Any CPU.Build.0 = Debug|Any CPU
		{892AB6A3-F342-4A8C-A8E8-C528E7E0FF4A}.Release|Any CPU.ActiveCfg = Release|Any CPU
		{892AB6A3-F342-4A8C-A8E8-C528E7E0FF4A}.Release|Any CPU.Build.0 = Release|Any CPU
	EndGlobalSection
	GlobalSection(SolutionProperties) = preSolution
		HideSolutionNode = FALSE
	EndGlobalSection
EndGlobal
